
Microsoft Visual Studio Solution File, Format Version 12.00
# Visual Studio 15
VisualStudioVersion = 15.0.26403.3
MinimumVisualStudioVersion = 10.0.40219.1
Project("{FAE04EC0-301F-11D3-BF4B-00C04F79EFBC}") = "DynamicExtensions", "DynamicExtensions\DynamicExtensions.csproj", "{BE46D236-2095-4DD2-A639-7FE03BB12A07}"
EndProject
Project("{FAE04EC0-301F-11D3-BF4B-00C04F79EFBC}") = "DynamicExtensions.Tests", "DynamicExtensions.Tests\DynamicExtensions.Tests.csproj", "{04D32D8D-DEE5-4628-8FA0-7661BD45A6AA}"
EndProject
Global
	GlobalSection(SolutionConfigurationPlatforms) = preSolution
		Debug|Any CPU = Debug|Any CPU
		Release|Any CPU = Release|Any CPU
	EndGlobalSection
	GlobalSection(ProjectConfigurationPlatforms) = postSolution
		{BE46D236-2095-4DD2-A639-7FE03BB12A07}.Debug|Any CPU.ActiveCfg = Debug|Any CPU
		{BE46D236-2095-4DD2-A639-7FE03BB12A07}.Debug|Any CPU.Build.0 = Debug|Any CPU
		{BE46D236-2095-4DD2-A639-7FE03BB12A07}.Release|Any CPU.ActiveCfg = Release|Any CPU
		{BE46D236-2095-4DD2-A639-7FE03BB12A07}.Release|Any CPU.Build.0 = Release|Any CPU
		{04D32D8D-DEE5-4628-8FA0-7661BD45A6AA}.Debug|Any CPU.ActiveCfg = Debug|Any CPU
		{04D32D8D-DEE5-4628-8FA0-7661BD45A6AA}.Debug|Any CPU.Build.0 = Debug|Any CPU
		{04D32D8D-DEE5-4628-8FA0-7661BD45A6AA}.Release|Any CPU.ActiveCfg = Release|Any CPU
		{04D32D8D-DEE5-4628-8FA0-7661BD45A6AA}.Release|Any CPU.Build.0 = Release|Any CPU
	EndGlobalSection
	GlobalSection(SolutionProperties) = preSolution
		HideSolutionNode = FALSE
	EndGlobalSection
EndGlobal
