
Microsoft Visual Studio Solution File, Format Version 12.00
# Visual Studio 15
VisualStudioVersion = 15.0.28010.2026
MinimumVisualStudioVersion = 10.0.40219.1
Project("{FAE04EC0-301F-11D3-BF4B-00C04F79EFBC}") = "MiscellaneousUtils", "MiscellaneousUtils\MiscellaneousUtils.csproj", "{E59727C1-E5FB-47AB-9A94-DE92164D3D19}"
EndProject
Project("{FAE04EC0-301F-11D3-BF4B-00C04F79EFBC}") = "MiscellaneousUtils.Tests", "MiscellaneousUtils.Tests\MiscellaneousUtils.Tests.csproj", "{B9D860DA-3362-497C-A877-A16D77A58C12}"
EndProject
Global
	GlobalSection(SolutionConfigurationPlatforms) = preSolution
		Debug|Any CPU = Debug|Any CPU
		Release|Any CPU = Release|Any CPU
	EndGlobalSection
	GlobalSection(ProjectConfigurationPlatforms) = postSolution
		{E59727C1-E5FB-47AB-9A94-DE92164D3D19}.Debug|Any CPU.ActiveCfg = Debug|Any CPU
		{E59727C1-E5FB-47AB-9A94-DE92164D3D19}.Debug|Any CPU.Build.0 = Debug|Any CPU
		{E59727C1-E5FB-47AB-9A94-DE92164D3D19}.Release|Any CPU.ActiveCfg = Release|Any CPU
		{E59727C1-E5FB-47AB-9A94-DE92164D3D19}.Release|Any CPU.Build.0 = Release|Any CPU
		{B9D860DA-3362-497C-A877-A16D77A58C12}.Debug|Any CPU.ActiveCfg = Debug|Any CPU
		{B9D860DA-3362-497C-A877-A16D77A58C12}.Debug|Any CPU.Build.0 = Debug|Any CPU
		{B9D860DA-3362-497C-A877-A16D77A58C12}.Release|Any CPU.ActiveCfg = Release|Any CPU
		{B9D860DA-3362-497C-A877-A16D77A58C12}.Release|Any CPU.Build.0 = Release|Any CPU
	EndGlobalSection
	GlobalSection(SolutionProperties) = preSolution
		HideSolutionNode = FALSE
	EndGlobalSection
	GlobalSection(ExtensibilityGlobals) = postSolution
		SolutionGuid = {C2205438-5E16-4CD1-AF52-16830A3C7611}
	EndGlobalSection
EndGlobal
